
Microsoft Visual Studio Solution File, Format Version 12.00
# Visual Studio Version 16
VisualStudioVersion = 16.0.31025.194
MinimumVisualStudioVersion = 10.0.40219.1
Project("{FAE04EC0-301F-11D3-BF4B-00C04F79EFBC}") = "SSBApp", "SSBApp\SSBApp.csproj", "{EAE30FEF-737D-4006-8CB4-92765CF0DA1C}"
EndProject
Global
	GlobalSection(SolutionConfigurationPlatforms) = preSolution
		Debug|Any CPU = Debug|Any CPU
		Release|Any CPU = Release|Any CPU
	EndGlobalSection
	GlobalSection(ProjectConfigurationPlatforms) = postSolution
		{EAE30FEF-737D-4006-8CB4-92765CF0DA1C}.Debug|Any CPU.ActiveCfg = Debug|Any CPU
		{EAE30FEF-737D-4006-8CB4-92765CF0DA1C}.Debug|Any CPU.Build.0 = Debug|Any CPU
		{EAE30FEF-737D-4006-8CB4-92765CF0DA1C}.Release|Any CPU.ActiveCfg = Release|Any CPU
		{EAE30FEF-737D-4006-8CB4-92765CF0DA1C}.Release|Any CPU.Build.0 = Release|Any CPU
	EndGlobalSection
	GlobalSection(SolutionProperties) = preSolution
		HideSolutionNode = FALSE
	EndGlobalSection
	GlobalSection(ExtensibilityGlobals) = postSolution
		SolutionGuid = {968100BB-B665-44BC-9EB0-FB31E531C3B7}
	EndGlobalSection
EndGlobal
